
Microsoft Visual Studio Solution File, Format Version 12.00
# Visual Studio Version 17
VisualStudioVersion = 17.6.33815.320
MinimumVisualStudioVersion = 10.0.40219.1
Project("{FAE04EC0-301F-11D3-BF4B-00C04F79EFBC}") = "Generacion", "Generacion\Generacion.csproj", "{5F720BC3-6097-42CE-9C72-CEDBFEC178B0}"
EndProject
Global
	GlobalSection(SolutionConfigurationPlatforms) = preSolution
		Debug|Any CPU = Debug|Any CPU
		Release|Any CPU = Release|Any CPU
	EndGlobalSection
	GlobalSection(ProjectConfigurationPlatforms) = postSolution
		{5F720BC3-6097-42CE-9C72-CEDBFEC178B0}.Debug|Any CPU.ActiveCfg = Debug|Any CPU
		{5F720BC3-6097-42CE-9C72-CEDBFEC178B0}.Debug|Any CPU.Build.0 = Debug|Any CPU
		{5F720BC3-6097-42CE-9C72-CEDBFEC178B0}.Release|Any CPU.ActiveCfg = Release|Any CPU
		{5F720BC3-6097-42CE-9C72-CEDBFEC178B0}.Release|Any CPU.Build.0 = Release|Any CPU
	EndGlobalSection
	GlobalSection(SolutionProperties) = preSolution
		HideSolutionNode = FALSE
	EndGlobalSection
	GlobalSection(ExtensibilityGlobals) = postSolution
		SolutionGuid = {E13D2B1F-F7EC-42B7-95A1-29AE3AF78461}
	EndGlobalSection
EndGlobal
